
Microsoft Visual Studio Solution File, Format Version 12.00
Project("{FAE04EC0-301F-11D3-BF4B-00C04F79EFBC}") = "QuickCompress.Gui", "QuickCompress.Gui\QuickCompress.Gui.csproj", "{7B6BCBB2-6DDF-423B-88CA-D2D94A4B6661}"
EndProject
Project("{FAE04EC0-301F-11D3-BF4B-00C04F79EFBC}") = "QuickCompress.Core", "QuickCompress.Core\QuickCompress.Core.csproj", "{13E37F2F-5F18-40D0-AE4A-17E5FC79EF82}"
EndProject
Global
	GlobalSection(SolutionConfigurationPlatforms) = preSolution
		Debug|Any CPU = Debug|Any CPU
		Release|Any CPU = Release|Any CPU
	EndGlobalSection
	GlobalSection(ProjectConfigurationPlatforms) = postSolution
		{7B6BCBB2-6DDF-423B-88CA-D2D94A4B6661}.Debug|Any CPU.ActiveCfg = Debug|Any CPU
		{7B6BCBB2-6DDF-423B-88CA-D2D94A4B6661}.Debug|Any CPU.Build.0 = Debug|Any CPU
		{7B6BCBB2-6DDF-423B-88CA-D2D94A4B6661}.Release|Any CPU.ActiveCfg = Release|Any CPU
		{7B6BCBB2-6DDF-423B-88CA-D2D94A4B6661}.Release|Any CPU.Build.0 = Release|Any CPU
		{13E37F2F-5F18-40D0-AE4A-17E5FC79EF82}.Debug|Any CPU.ActiveCfg = Debug|Any CPU
		{13E37F2F-5F18-40D0-AE4A-17E5FC79EF82}.Debug|Any CPU.Build.0 = Debug|Any CPU
		{13E37F2F-5F18-40D0-AE4A-17E5FC79EF82}.Release|Any CPU.ActiveCfg = Release|Any CPU
		{13E37F2F-5F18-40D0-AE4A-17E5FC79EF82}.Release|Any CPU.Build.0 = Release|Any CPU
	EndGlobalSection
EndGlobal
